
Microsoft Visual Studio Solution File, Format Version 12.00
# Visual Studio 15
VisualStudioVersion = 15.0.27705.2000
MinimumVisualStudioVersion = 10.0.40219.1
Project("{FAE04EC0-301F-11D3-BF4B-00C04F79EFBC}") = "CollaborationDemo", "CollaborationDemo\CollaborationDemo.csproj", "{ABB4E7A8-9633-4AE4-B034-DF5EC3340F0B}"
EndProject
Project("{FAE04EC0-301F-11D3-BF4B-00C04F79EFBC}") = "CollaborationDemo.WCF", "CollaborationDemo.WCF\CollaborationDemo.WCF.csproj", "{ACA0AB99-91A9-4F6C-A7A2-40760A3F5435}"
EndProject
Project("{FAE04EC0-301F-11D3-BF4B-00C04F79EFBC}") = "CollaborationDemo.Tests", "CollaborationDemo.Tests\CollaborationDemo.Tests.csproj", "{0A3D4B85-19AA-48AC-8AA5-367BEB289354}"
EndProject
Global
	GlobalSection(SolutionConfigurationPlatforms) = preSolution
		Debug|Any CPU = Debug|Any CPU
		Release|Any CPU = Release|Any CPU
	EndGlobalSection
	GlobalSection(ProjectConfigurationPlatforms) = postSolution
		{ABB4E7A8-9633-4AE4-B034-DF5EC3340F0B}.Debug|Any CPU.ActiveCfg = Debug|Any CPU
		{ABB4E7A8-9633-4AE4-B034-DF5EC3340F0B}.Debug|Any CPU.Build.0 = Debug|Any CPU
		{ABB4E7A8-9633-4AE4-B034-DF5EC3340F0B}.Release|Any CPU.ActiveCfg = Release|Any CPU
		{ABB4E7A8-9633-4AE4-B034-DF5EC3340F0B}.Release|Any CPU.Build.0 = Release|Any CPU
		{ACA0AB99-91A9-4F6C-A7A2-40760A3F5435}.Debug|Any CPU.ActiveCfg = Debug|Any CPU
		{ACA0AB99-91A9-4F6C-A7A2-40760A3F5435}.Debug|Any CPU.Build.0 = Debug|Any CPU
		{ACA0AB99-91A9-4F6C-A7A2-40760A3F5435}.Release|Any CPU.ActiveCfg = Release|Any CPU
		{ACA0AB99-91A9-4F6C-A7A2-40760A3F5435}.Release|Any CPU.Build.0 = Release|Any CPU
		{0A3D4B85-19AA-48AC-8AA5-367BEB289354}.Debug|Any CPU.ActiveCfg = Debug|Any CPU
		{0A3D4B85-19AA-48AC-8AA5-367BEB289354}.Debug|Any CPU.Build.0 = Debug|Any CPU
		{0A3D4B85-19AA-48AC-8AA5-367BEB289354}.Release|Any CPU.ActiveCfg = Release|Any CPU
		{0A3D4B85-19AA-48AC-8AA5-367BEB289354}.Release|Any CPU.Build.0 = Release|Any CPU
	EndGlobalSection
	GlobalSection(SolutionProperties) = preSolution
		HideSolutionNode = FALSE
	EndGlobalSection
	GlobalSection(ExtensibilityGlobals) = postSolution
		SolutionGuid = {E843DD0F-4CD8-4806-A33A-B21E3510C766}
	EndGlobalSection
EndGlobal
